
Microsoft Visual Studio Solution File, Format Version 12.00
# Visual Studio Version 17
VisualStudioVersion = 17.9.34714.143
MinimumVisualStudioVersion = 10.0.40219.1
Project("{FAE04EC0-301F-11D3-BF4B-00C04F79EFBC}") = "Assignment4Part3.Android", "Assignment4Part3\Assignment4Part3.Android\Assignment4Part3.Android.csproj", "{9459B5D7-F98C-4F5A-A7C5-14E2D0D28AB4}"
EndProject
Project("{FAE04EC0-301F-11D3-BF4B-00C04F79EFBC}") = "Assignment4Part3", "Assignment4Part3\Assignment4Part3\Assignment4Part3.csproj", "{BC16F036-C745-405B-8342-FA99C4752F6B}"
EndProject
Global
	GlobalSection(SolutionConfigurationPlatforms) = preSolution
		Debug|Any CPU = Debug|Any CPU
		Release|Any CPU = Release|Any CPU
	EndGlobalSection
	GlobalSection(ProjectConfigurationPlatforms) = postSolution
		{9459B5D7-F98C-4F5A-A7C5-14E2D0D28AB4}.Debug|Any CPU.ActiveCfg = Debug|Any CPU
		{9459B5D7-F98C-4F5A-A7C5-14E2D0D28AB4}.Debug|Any CPU.Build.0 = Debug|Any CPU
		{9459B5D7-F98C-4F5A-A7C5-14E2D0D28AB4}.Debug|Any CPU.Deploy.0 = Debug|Any CPU
		{9459B5D7-F98C-4F5A-A7C5-14E2D0D28AB4}.Release|Any CPU.ActiveCfg = Release|Any CPU
		{9459B5D7-F98C-4F5A-A7C5-14E2D0D28AB4}.Release|Any CPU.Build.0 = Release|Any CPU
		{9459B5D7-F98C-4F5A-A7C5-14E2D0D28AB4}.Release|Any CPU.Deploy.0 = Release|Any CPU
		{BC16F036-C745-405B-8342-FA99C4752F6B}.Debug|Any CPU.ActiveCfg = Debug|Any CPU
		{BC16F036-C745-405B-8342-FA99C4752F6B}.Debug|Any CPU.Build.0 = Debug|Any CPU
		{BC16F036-C745-405B-8342-FA99C4752F6B}.Debug|Any CPU.Deploy.0 = Debug|Any CPU
		{BC16F036-C745-405B-8342-FA99C4752F6B}.Release|Any CPU.ActiveCfg = Release|Any CPU
		{BC16F036-C745-405B-8342-FA99C4752F6B}.Release|Any CPU.Build.0 = Release|Any CPU
		{BC16F036-C745-405B-8342-FA99C4752F6B}.Release|Any CPU.Deploy.0 = Release|Any CPU
	EndGlobalSection
	GlobalSection(SolutionProperties) = preSolution
		HideSolutionNode = FALSE
	EndGlobalSection
	GlobalSection(ExtensibilityGlobals) = postSolution
		SolutionGuid = {653E97E1-CCBD-4F4E-BDA1-6FA6B8EE87A1}
	EndGlobalSection
EndGlobal
