
Microsoft Visual Studio Solution File, Format Version 12.00
# Visual Studio Version 17
VisualStudioVersion = 17.9.34714.143
MinimumVisualStudioVersion = 10.0.40219.1
Project("{FAE04EC0-301F-11D3-BF4B-00C04F79EFBC}") = "Assignment4-3.Android", "Assignment4-3\Assignment4-3.Android\Assignment4-3.Android.csproj", "{BD06BA29-12D3-45BF-A4D5-7EE8F8F4411F}"
EndProject
Project("{FAE04EC0-301F-11D3-BF4B-00C04F79EFBC}") = "Assignment4-3", "Assignment4-3\Assignment4-3\Assignment4-3.csproj", "{3BFD7E23-57A5-4E34-BC21-42FBE92D5D78}"
EndProject
Global
	GlobalSection(SolutionConfigurationPlatforms) = preSolution
		Debug|Any CPU = Debug|Any CPU
		Release|Any CPU = Release|Any CPU
	EndGlobalSection
	GlobalSection(ProjectConfigurationPlatforms) = postSolution
		{BD06BA29-12D3-45BF-A4D5-7EE8F8F4411F}.Debug|Any CPU.ActiveCfg = Debug|Any CPU
		{BD06BA29-12D3-45BF-A4D5-7EE8F8F4411F}.Debug|Any CPU.Build.0 = Debug|Any CPU
		{BD06BA29-12D3-45BF-A4D5-7EE8F8F4411F}.Debug|Any CPU.Deploy.0 = Debug|Any CPU
		{BD06BA29-12D3-45BF-A4D5-7EE8F8F4411F}.Release|Any CPU.ActiveCfg = Release|Any CPU
		{BD06BA29-12D3-45BF-A4D5-7EE8F8F4411F}.Release|Any CPU.Build.0 = Release|Any CPU
		{BD06BA29-12D3-45BF-A4D5-7EE8F8F4411F}.Release|Any CPU.Deploy.0 = Release|Any CPU
		{3BFD7E23-57A5-4E34-BC21-42FBE92D5D78}.Debug|Any CPU.ActiveCfg = Debug|Any CPU
		{3BFD7E23-57A5-4E34-BC21-42FBE92D5D78}.Debug|Any CPU.Build.0 = Debug|Any CPU
		{3BFD7E23-57A5-4E34-BC21-42FBE92D5D78}.Debug|Any CPU.Deploy.0 = Debug|Any CPU
		{3BFD7E23-57A5-4E34-BC21-42FBE92D5D78}.Release|Any CPU.ActiveCfg = Release|Any CPU
		{3BFD7E23-57A5-4E34-BC21-42FBE92D5D78}.Release|Any CPU.Build.0 = Release|Any CPU
		{3BFD7E23-57A5-4E34-BC21-42FBE92D5D78}.Release|Any CPU.Deploy.0 = Release|Any CPU
	EndGlobalSection
	GlobalSection(SolutionProperties) = preSolution
		HideSolutionNode = FALSE
	EndGlobalSection
	GlobalSection(ExtensibilityGlobals) = postSolution
		SolutionGuid = {92F80279-7F28-44A9-BA44-454A3FE03647}
	EndGlobalSection
EndGlobal
